// !$*UTF8*$!
{
	archiveVersion = 1;
	classes = {
	};
	objectVersion = 46;
	objects = {

/* Begin PBXBuildFile section */
		B93E70011C22426F00700E31 /* main.m in Sources */ = {isa = PBXBuildFile; fileRef = B93E70001C22426F00700E31 /* main.m */; };
		B93E70041C22426F00700E31 /* AppDelegate.m in Sources */ = {isa = PBXBuildFile; fileRef = B93E70031C22426F00700E31 /* AppDelegate.m */; };
		B93E70071C22426F00700E31 /* MasterViewController.m in Sources */ = {isa = PBXBuildFile; fileRef = B93E70061C22426F00700E31 /* MasterViewController.m */; };
		B93E700A1C22426F00700E31 /* DetailViewController.m in Sources */ = {isa = PBXBuildFile; fileRef = B93E70091C22426F00700E31 /* DetailViewController.m */; };
		B93E700D1C22426F00700E31 /* Main.storyboard in Resources */ = {isa = PBXBuildFile; fileRef = B93E700B1C22426F00700E31 /* Main.storyboard */; };
		B93E700F1C22426F00700E31 /* Assets.xcassets in Resources */ = {isa = PBXBuildFile; fileRef = B93E700E1C22426F00700E31 /* Assets.xcassets */; };
		B93E70121C22426F00700E31 /* LaunchScreen.storyboard in Resources */ = {isa = PBXBuildFile; fileRef = B93E70101C22426F00700E31 /* LaunchScreen.storyboard */; };
		B93E701D1C22426F00700E31 /* PasteItTests.m in Sources */ = {isa = PBXBuildFile; fileRef = B93E701C1C22426F00700E31 /* PasteItTests.m */; };
		B93E70281C22426F00700E31 /* PasteItUITests.m in Sources */ = {isa = PBXBuildFile; fileRef = B93E70271C22426F00700E31 /* PasteItUITests.m */; };
		B93E703F1C2245FB00700E31 /* btnCheck.png in Resources */ = {isa = PBXBuildFile; fileRef = B93E70361C2245FB00700E31 /* btnCheck.png */; };
		B93E70401C2245FB00700E31 /* btnCheck@2x.png in Resources */ = {isa = PBXBuildFile; fileRef = B93E70371C2245FB00700E31 /* btnCheck@2x.png */; };
		B93E70411C2245FB00700E31 /* HUD.m in Sources */ = {isa = PBXBuildFile; fileRef = B93E70391C2245FB00700E31 /* HUD.m */; };
		B93E70421C2245FB00700E31 /* MBProgressHUD.m in Sources */ = {isa = PBXBuildFile; fileRef = B93E703B1C2245FB00700E31 /* MBProgressHUD.m */; };
		B93E70431C2245FB00700E31 /* UIView+Toast.m in Sources */ = {isa = PBXBuildFile; fileRef = B93E703E1C2245FB00700E31 /* UIView+Toast.m */; };
		B93E70451C2251F400700E31 /* CreateViewController.m in Sources */ = {isa = PBXBuildFile; fileRef = B93E70441C2251F400700E31 /* CreateViewController.m */; };
		B93E70481C227C6000700E31 /* SettingsViewController.m in Sources */ = {isa = PBXBuildFile; fileRef = B93E70471C227C6000700E31 /* SettingsViewController.m */; };
/* End PBXBuildFile section */

/* Begin PBXContainerItemProxy section */
		B93E70191C22426F00700E31 /* PBXContainerItemProxy */ = {
			isa = PBXContainerItemProxy;
			containerPortal = B93E6FF41C22426F00700E31 /* Project object */;
			proxyType = 1;
			remoteGlobalIDString = B93E6FFB1C22426F00700E31;
			remoteInfo = PasteIt;
		};
		B93E70241C22426F00700E31 /* PBXContainerItemProxy */ = {
			isa = PBXContainerItemProxy;
			containerPortal = B93E6FF41C22426F00700E31 /* Project object */;
			proxyType = 1;
			remoteGlobalIDString = B93E6FFB1C22426F00700E31;
			remoteInfo = PasteIt;
		};
/* End PBXContainerItemProxy section */

/* Begin PBXFileReference section */
		B93E6FFC1C22426F00700E31 /* PasteIt.app */ = {isa = PBXFileReference; explicitFileType = wrapper.application; includeInIndex = 0; path = PasteIt.app; sourceTree = BUILT_PRODUCTS_DIR; };
		B93E70001C22426F00700E31 /* main.m */ = {isa = PBXFileReference; lastKnownFileType = sourcecode.c.objc; path = main.m; sourceTree = "<group>"; };
		B93E70021C22426F00700E31 /* AppDelegate.h */ = {isa = PBXFileReference; lastKnownFileType = sourcecode.c.h; path = AppDelegate.h; sourceTree = "<group>"; };
		B93E70031C22426F00700E31 /* AppDelegate.m */ = {isa = PBXFileReference; lastKnownFileType = sourcecode.c.objc; path = AppDelegate.m; sourceTree = "<group>"; };
		B93E70051C22426F00700E31 /* MasterViewController.h */ = {isa = PBXFileReference; lastKnownFileType = sourcecode.c.h; path = MasterViewController.h; sourceTree = "<group>"; };
		B93E70061C22426F00700E31 /* MasterViewController.m */ = {isa = PBXFileReference; lastKnownFileType = sourcecode.c.objc; path = MasterViewController.m; sourceTree = "<group>"; };
		B93E70081C22426F00700E31 /* DetailViewController.h */ = {isa = PBXFileReference; lastKnownFileType = sourcecode.c.h; path = DetailViewController.h; sourceTree = "<group>"; };
		B93E70091C22426F00700E31 /* DetailViewController.m */ = {isa = PBXFileReference; lastKnownFileType = sourcecode.c.objc; path = DetailViewController.m; sourceTree = "<group>"; };
		B93E700C1C22426F00700E31 /* Base */ = {isa = PBXFileReference; lastKnownFileType = file.storyboard; name = Base; path = Base.lproj/Main.storyboard; sourceTree = "<group>"; };
		B93E700E1C22426F00700E31 /* Assets.xcassets */ = {isa = PBXFileReference; lastKnownFileType = folder.assetcatalog; path = Assets.xcassets; sourceTree = "<group>"; };
		B93E70111C22426F00700E31 /* Base */ = {isa = PBXFileReference; lastKnownFileType = file.storyboard; name = Base; path = Base.lproj/LaunchScreen.storyboard; sourceTree = "<group>"; };
		B93E70131C22426F00700E31 /* Info.plist */ = {isa = PBXFileReference; lastKnownFileType = text.plist.xml; path = Info.plist; sourceTree = "<group>"; };
		B93E70181C22426F00700E31 /* PasteItTests.xctest */ = {isa = PBXFileReference; explicitFileType = wrapper.cfbundle; includeInIndex = 0; path = PasteItTests.xctest; sourceTree = BUILT_PRODUCTS_DIR; };
		B93E701C1C22426F00700E31 /* PasteItTests.m */ = {isa = PBXFileReference; lastKnownFileType = sourcecode.c.objc; path = PasteItTests.m; sourceTree = "<group>"; };
		B93E701E1C22426F00700E31 /* Info.plist */ = {isa = PBXFileReference; lastKnownFileType = text.plist.xml; path = Info.plist; sourceTree = "<group>"; };
		B93E70231C22426F00700E31 /* PasteItUITests.xctest */ = {isa = PBXFileReference; explicitFileType = wrapper.cfbundle; includeInIndex = 0; path = PasteItUITests.xctest; sourceTree = BUILT_PRODUCTS_DIR; };
		B93E70271C22426F00700E31 /* PasteItUITests.m */ = {isa = PBXFileReference; lastKnownFileType = sourcecode.c.objc; path = PasteItUITests.m; sourceTree = "<group>"; };
		B93E70291C22426F00700E31 /* Info.plist */ = {isa = PBXFileReference; lastKnownFileType = text.plist.xml; path = Info.plist; sourceTree = "<group>"; };
		B93E70361C2245FB00700E31 /* btnCheck.png */ = {isa = PBXFileReference; lastKnownFileType = image.png; path = btnCheck.png; sourceTree = "<group>"; };
		B93E70371C2245FB00700E31 /* btnCheck@2x.png */ = {isa = PBXFileReference; lastKnownFileType = image.png; path = "btnCheck@2x.png"; sourceTree = "<group>"; };
		B93E70381C2245FB00700E31 /* HUD.h */ = {isa = PBXFileReference; fileEncoding = 4; lastKnownFileType = sourcecode.c.h; path = HUD.h; sourceTree = "<group>"; };
		B93E70391C2245FB00700E31 /* HUD.m */ = {isa = PBXFileReference; fileEncoding = 4; lastKnownFileType = sourcecode.c.objc; path = HUD.m; sourceTree = "<group>"; };
		B93E703A1C2245FB00700E31 /* MBProgressHUD.h */ = {isa = PBXFileReference; fileEncoding = 4; lastKnownFileType = sourcecode.c.h; path = MBProgressHUD.h; sourceTree = "<group>"; };
		B93E703B1C2245FB00700E31 /* MBProgressHUD.m */ = {isa = PBXFileReference; fileEncoding = 4; lastKnownFileType = sourcecode.c.objc; path = MBProgressHUD.m; sourceTree = "<group>"; };
		B93E703D1C2245FB00700E31 /* UIView+Toast.h */ = {isa = PBXFileReference; fileEncoding = 4; lastKnownFileType = sourcecode.c.h; path = "UIView+Toast.h"; sourceTree = "<group>"; };
		B93E703E1C2245FB00700E31 /* UIView+Toast.m */ = {isa = PBXFileReference; fileEncoding = 4; lastKnownFileType = sourcecode.c.objc; path = "UIView+Toast.m"; sourceTree = "<group>"; };
		B93E70441C2251F400700E31 /* CreateViewController.m */ = {isa = PBXFileReference; fileEncoding = 4; lastKnownFileType = sourcecode.c.objc; path = CreateViewController.m; sourceTree = "<group>"; };
		B93E70461C22520B00700E31 /* CreateViewController.h */ = {isa = PBXFileReference; lastKnownFileType = sourcecode.c.h; path = CreateViewController.h; sourceTree = "<group>"; };
		B93E70471C227C6000700E31 /* SettingsViewController.m */ = {isa = PBXFileReference; fileEncoding = 4; lastKnownFileType = sourcecode.c.objc; path = SettingsViewController.m; sourceTree = "<group>"; };
		B93E70491C227C9800700E31 /* SettingsViewController.h */ = {isa = PBXFileReference; lastKnownFileType = sourcecode.c.h; path = SettingsViewController.h; sourceTree = "<group>"; };
/* End PBXFileReference section */

/* Begin PBXFrameworksBuildPhase section */
		B93E6FF91C22426F00700E31 /* Frameworks */ = {
			isa = PBXFrameworksBuildPhase;
			buildActionMask = 2147483647;
			files = (
			);
			runOnlyForDeploymentPostprocessing = 0;
		};
		B93E70151C22426F00700E31 /* Frameworks */ = {
			isa = PBXFrameworksBuildPhase;
			buildActionMask = 2147483647;
			files = (
			);
			runOnlyForDeploymentPostprocessing = 0;
		};
		B93E70201C22426F00700E31 /* Frameworks */ = {
			isa = PBXFrameworksBuildPhase;
			buildActionMask = 2147483647;
			files = (
			);
			runOnlyForDeploymentPostprocessing = 0;
		};
/* End PBXFrameworksBuildPhase section */

/* Begin PBXGroup section */
		B93E6FF31C22426F00700E31 = {
			isa = PBXGroup;
			children = (
				B93E70351C2245FB00700E31 /* HUD */,
				B93E6FFE1C22426F00700E31 /* PasteIt */,
				B93E701B1C22426F00700E31 /* PasteItTests */,
				B93E70261C22426F00700E31 /* PasteItUITests */,
				B93E6FFD1C22426F00700E31 /* Products */,
			);
			sourceTree = "<group>";
		};
		B93E6FFD1C22426F00700E31 /* Products */ = {
			isa = PBXGroup;
			children = (
				B93E6FFC1C22426F00700E31 /* PasteIt.app */,
				B93E70181C22426F00700E31 /* PasteItTests.xctest */,
				B93E70231C22426F00700E31 /* PasteItUITests.xctest */,
			);
			name = Products;
			sourceTree = "<group>";
		};
		B93E6FFE1C22426F00700E31 /* PasteIt */ = {
			isa = PBXGroup;
			children = (
				B93E70021C22426F00700E31 /* AppDelegate.h */,
				B93E70031C22426F00700E31 /* AppDelegate.m */,
				B93E70051C22426F00700E31 /* MasterViewController.h */,
				B93E70061C22426F00700E31 /* MasterViewController.m */,
				B93E70461C22520B00700E31 /* CreateViewController.h */,
				B93E70441C2251F400700E31 /* CreateViewController.m */,
				B93E70081C22426F00700E31 /* DetailViewController.h */,
				B93E70091C22426F00700E31 /* DetailViewController.m */,
				B93E700B1C22426F00700E31 /* Main.storyboard */,
				B93E700E1C22426F00700E31 /* Assets.xcassets */,
				B93E70101C22426F00700E31 /* LaunchScreen.storyboard */,
				B93E70131C22426F00700E31 /* Info.plist */,
				B93E6FFF1C22426F00700E31 /* Supporting Files */,
				B93E70471C227C6000700E31 /* SettingsViewController.m */,
				B93E70491C227C9800700E31 /* SettingsViewController.h */,
			);
			path = PasteIt;
			sourceTree = "<group>";
		};
		B93E6FFF1C22426F00700E31 /* Supporting Files */ = {
			isa = PBXGroup;
			children = (
				B93E70001C22426F00700E31 /* main.m */,
			);
			name = "Supporting Files";
			sourceTree = "<group>";
		};
		B93E701B1C22426F00700E31 /* PasteItTests */ = {
			isa = PBXGroup;
			children = (
				B93E701C1C22426F00700E31 /* PasteItTests.m */,
				B93E701E1C22426F00700E31 /* Info.plist */,
			);
			path = PasteItTests;
			sourceTree = "<group>";
		};
		B93E70261C22426F00700E31 /* PasteItUITests */ = {
			isa = PBXGroup;
			children = (
				B93E70271C22426F00700E31 /* PasteItUITests.m */,
				B93E70291C22426F00700E31 /* Info.plist */,
			);
			path = PasteItUITests;
			sourceTree = "<group>";
		};
		B93E70351C2245FB00700E31 /* HUD */ = {
			isa = PBXGroup;
			children = (
				B93E70361C2245FB00700E31 /* btnCheck.png */,
				B93E70371C2245FB00700E31 /* btnCheck@2x.png */,
				B93E70381C2245FB00700E31 /* HUD.h */,
				B93E70391C2245FB00700E31 /* HUD.m */,
				B93E703A1C2245FB00700E31 /* MBProgressHUD.h */,
				B93E703B1C2245FB00700E31 /* MBProgressHUD.m */,
				B93E703C1C2245FB00700E31 /* Toast */,
			);
			name = HUD;
			path = PasteIt/HUD;
			sourceTree = "<group>";
		};
		B93E703C1C2245FB00700E31 /* Toast */ = {
			isa = PBXGroup;
			children = (
				B93E703D1C2245FB00700E31 /* UIView+Toast.h */,
				B93E703E1C2245FB00700E31 /* UIView+Toast.m */,
			);
			path = Toast;
			sourceTree = "<group>";
		};
/* End PBXGroup section */

/* Begin PBXNativeTarget section */
		B93E6FFB1C22426F00700E31 /* PasteIt */ = {
			isa = PBXNativeTarget;
			buildConfigurationList = B93E702C1C22426F00700E31 /* Build configuration list for PBXNativeTarget "PasteIt" */;
			buildPhases = (
				B93E6FF81C22426F00700E31 /* Sources */,
				B93E6FF91C22426F00700E31 /* Frameworks */,
				B93E6FFA1C22426F00700E31 /* Resources */,
			);
			buildRules = (
			);
			dependencies = (
			);
			name = PasteIt;
			productName = PasteIt;
			productReference = B93E6FFC1C22426F00700E31 /* PasteIt.app */;
			productType = "com.apple.product-type.application";
		};
		B93E70171C22426F00700E31 /* PasteItTests */ = {
			isa = PBXNativeTarget;
			buildConfigurationList = B93E702F1C22426F00700E31 /* Build configuration list for PBXNativeTarget "PasteItTests" */;
			buildPhases = (
				B93E70141C22426F00700E31 /* Sources */,
				B93E70151C22426F00700E31 /* Frameworks */,
				B93E70161C22426F00700E31 /* Resources */,
			);
			buildRules = (
			);
			dependencies = (
				B93E701A1C22426F00700E31 /* PBXTargetDependency */,
			);
			name = PasteItTests;
			productName = PasteItTests;
			productReference = B93E70181C22426F00700E31 /* PasteItTests.xctest */;
			productType = "com.apple.product-type.bundle.unit-test";
		};
		B93E70221C22426F00700E31 /* PasteItUITests */ = {
			isa = PBXNativeTarget;
			buildConfigurationList = B93E70321C22426F00700E31 /* Build configuration list for PBXNativeTarget "PasteItUITests" */;
			buildPhases = (
				B93E701F1C22426F00700E31 /* Sources */,
				B93E70201C22426F00700E31 /* Frameworks */,
				B93E70211C22426F00700E31 /* Resources */,
			);
			buildRules = (
			);
			dependencies = (
				B93E70251C22426F00700E31 /* PBXTargetDependency */,
			);
			name = PasteItUITests;
			productName = PasteItUITests;
			productReference = B93E70231C22426F00700E31 /* PasteItUITests.xctest */;
			productType = "com.apple.product-type.bundle.ui-testing";
		};
/* End PBXNativeTarget section */

/* Begin PBXProject section */
		B93E6FF41C22426F00700E31 /* Project object */ = {
			isa = PBXProject;
			attributes = {
				LastUpgradeCheck = 0720;
				ORGANIZATIONNAME = "Simon Sickle";
				TargetAttributes = {
					B93E6FFB1C22426F00700E31 = {
						CreatedOnToolsVersion = 7.2;
					};
					B93E70171C22426F00700E31 = {
						CreatedOnToolsVersion = 7.2;
						TestTargetID = B93E6FFB1C22426F00700E31;
					};
					B93E70221C22426F00700E31 = {
						CreatedOnToolsVersion = 7.2;
						TestTargetID = B93E6FFB1C22426F00700E31;
					};
				};
			};
			buildConfigurationList = B93E6FF71C22426F00700E31 /* Build configuration list for PBXProject "PasteIt" */;
			compatibilityVersion = "Xcode 3.2";
			developmentRegion = English;
			hasScannedForEncodings = 0;
			knownRegions = (
				en,
				Base,
			);
			mainGroup = B93E6FF31C22426F00700E31;
			productRefGroup = B93E6FFD1C22426F00700E31 /* Products */;
			projectDirPath = "";
			projectRoot = "";
			targets = (
				B93E6FFB1C22426F00700E31 /* PasteIt */,
				B93E70171C22426F00700E31 /* PasteItTests */,
				B93E70221C22426F00700E31 /* PasteItUITests */,
			);
		};
/* End PBXProject section */

/* Begin PBXResourcesBuildPhase section */
		B93E6FFA1C22426F00700E31 /* Resources */ = {
			isa = PBXResourcesBuildPhase;
			buildActionMask = 2147483647;
			files = (
				B93E70401C2245FB00700E31 /* btnCheck@2x.png in Resources */,
				B93E70121C22426F00700E31 /* LaunchScreen.storyboard in Resources */,
				B93E703F1C2245FB00700E31 /* btnCheck.png in Resources */,
				B93E700F1C22426F00700E31 /* Assets.xcassets in Resources */,
				B93E700D1C22426F00700E31 /* Main.storyboard in Resources */,
			);
			runOnlyForDeploymentPostprocessing = 0;
		};
		B93E70161C22426F00700E31 /* Resources */ = {
			isa = PBXResourcesBuildPhase;
			buildActionMask = 2147483647;
			files = (
			);
			runOnlyForDeploymentPostprocessing = 0;
		};
		B93E70211C22426F00700E31 /* Resources */ = {
			isa = PBXResourcesBuildPhase;
			buildActionMask = 2147483647;
			files = (
			);
			runOnlyForDeploymentPostprocessing = 0;
		};
/* End PBXResourcesBuildPhase section */

/* Begin PBXSourcesBuildPhase section */
		B93E6FF81C22426F00700E31 /* Sources */ = {
			isa = PBXSourcesBuildPhase;
			buildActionMask = 2147483647;
			files = (
				B93E70411C2245FB00700E31 /* HUD.m in Sources */,
				B93E70421C2245FB00700E31 /* MBProgressHUD.m in Sources */,
				B93E70041C22426F00700E31 /* AppDelegate.m in Sources */,
				B93E70481C227C6000700E31 /* SettingsViewController.m in Sources */,
				B93E70071C22426F00700E31 /* MasterViewController.m in Sources */,
				B93E70451C2251F400700E31 /* CreateViewController.m in Sources */,
				B93E70431C2245FB00700E31 /* UIView+Toast.m in Sources */,
				B93E70011C22426F00700E31 /* main.m in Sources */,
				B93E700A1C22426F00700E31 /* DetailViewController.m in Sources */,
			);
			runOnlyForDeploymentPostprocessing = 0;
		};
		B93E70141C22426F00700E31 /* Sources */ = {
			isa = PBXSourcesBuildPhase;
			buildActionMask = 2147483647;
			files = (
				B93E701D1C22426F00700E31 /* PasteItTests.m in Sources */,
			);
			runOnlyForDeploymentPostprocessing = 0;
		};
		B93E701F1C22426F00700E31 /* Sources */ = {
			isa = PBXSourcesBuildPhase;
			buildActionMask = 2147483647;
			files = (
				B93E70281C22426F00700E31 /* PasteItUITests.m in Sources */,
			);
			runOnlyForDeploymentPostprocessing = 0;
		};
/* End PBXSourcesBuildPhase section */

/* Begin PBXTargetDependency section */
		B93E701A1C22426F00700E31 /* PBXTargetDependency */ = {
			isa = PBXTargetDependency;
			target = B93E6FFB1C22426F00700E31 /* PasteIt */;
			targetProxy = B93E70191C22426F00700E31 /* PBXContainerItemProxy */;
		};
		B93E70251C22426F00700E31 /* PBXTargetDependency */ = {
			isa = PBXTargetDependency;
			target = B93E6FFB1C22426F00700E31 /* PasteIt */;
			targetProxy = B93E70241C22426F00700E31 /* PBXContainerItemProxy */;
		};
/* End PBXTargetDependency section */

/* Begin PBXVariantGroup section */
		B93E700B1C22426F00700E31 /* Main.storyboard */ = {
			isa = PBXVariantGroup;
			children = (
				B93E700C1C22426F00700E31 /* Base */,
			);
			name = Main.storyboard;
			sourceTree = "<group>";
		};
		B93E70101C22426F00700E31 /* LaunchScreen.storyboard */ = {
			isa = PBXVariantGroup;
			children = (
				B93E70111C22426F00700E31 /* Base */,
			);
			name = LaunchScreen.storyboard;
			sourceTree = "<group>";
		};
/* End PBXVariantGroup section */

/* Begin XCBuildConfiguration section */
		B93E702A1C22426F00700E31 /* Debug */ = {
			isa = XCBuildConfiguration;
			buildSettings = {
				ALWAYS_SEARCH_USER_PATHS = NO;
				CLANG_CXX_LANGUAGE_STANDARD = "gnu++0x";
				CLANG_CXX_LIBRARY = "libc++";
				CLANG_ENABLE_MODULES = YES;
				CLANG_ENABLE_OBJC_ARC = YES;
				CLANG_WARN_BOOL_CONVERSION = YES;
				CLANG_WARN_CONSTANT_CONVERSION = YES;
				CLANG_WARN_DIRECT_OBJC_ISA_USAGE = YES_ERROR;
				CLANG_WARN_EMPTY_BODY = YES;
				CLANG_WARN_ENUM_CONVERSION = YES;
				CLANG_WARN_INT_CONVERSION = YES;
				CLANG_WARN_OBJC_ROOT_CLASS = YES_ERROR;
				CLANG_WARN_UNREACHABLE_CODE = YES;
				CLANG_WARN__DUPLICATE_METHOD_MATCH = YES;
				"CODE_SIGN_IDENTITY[sdk=iphoneos*]" = "iPhone Developer";
				COPY_PHASE_STRIP = NO;
				DEBUG_INFORMATION_FORMAT = dwarf;
				ENABLE_STRICT_OBJC_MSGSEND = YES;
				ENABLE_TESTABILITY = YES;
				GCC_C_LANGUAGE_STANDARD = gnu99;
				GCC_DYNAMIC_NO_PIC = NO;
				GCC_NO_COMMON_BLOCKS = YES;
				GCC_OPTIMIZATION_LEVEL = 0;
				GCC_PREPROCESSOR_DEFINITIONS = (
					"DEBUG=1",
					"$(inherited)",
				);
				GCC_WARN_64_TO_32_BIT_CONVERSION = YES;
				GCC_WARN_ABOUT_RETURN_TYPE = YES_ERROR;
				GCC_WARN_UNDECLARED_SELECTOR = YES;
				GCC_WARN_UNINITIALIZED_AUTOS = YES_AGGRESSIVE;
				GCC_WARN_UNUSED_FUNCTION = YES;
				GCC_WARN_UNUSED_VARIABLE = YES;
				IPHONEOS_DEPLOYMENT_TARGET = 9.2;
				MTL_ENABLE_DEBUG_INFO = YES;
				ONLY_ACTIVE_ARCH = YES;
				SDKROOT = iphoneos;
				TARGETED_DEVICE_FAMILY = "1,2";
			};
			name = Debug;
		};
		B93E702B1C22426F00700E31 /* Release */ = {
			isa = XCBuildConfiguration;
			buildSettings = {
				ALWAYS_SEARCH_USER_PATHS = NO;
				CLANG_CXX_LANGUAGE_STANDARD = "gnu++0x";
				CLANG_CXX_LIBRARY = "libc++";
				CLANG_ENABLE_MODULES = YES;
				CLANG_ENABLE_OBJC_ARC = YES;
				CLANG_WARN_BOOL_CONVERSION = YES;
				CLANG_WARN_CONSTANT_CONVERSION = YES;
				CLANG_WARN_DIRECT_OBJC_ISA_USAGE = YES_ERROR;
				CLANG_WARN_EMPTY_BODY = YES;
				CLANG_WARN_ENUM_CONVERSION = YES;
				CLANG_WARN_INT_CONVERSION = YES;
				CLANG_WARN_OBJC_ROOT_CLASS = YES_ERROR;
				CLANG_WARN_UNREACHABLE_CODE = YES;
				CLANG_WARN__DUPLICATE_METHOD_MATCH = YES;
				"CODE_SIGN_IDENTITY[sdk=iphoneos*]" = "iPhone Developer";
				COPY_PHASE_STRIP = NO;
				DEBUG_INFORMATION_FORMAT = "dwarf-with-dsym";
				ENABLE_NS_ASSERTIONS = NO;
				ENABLE_STRICT_OBJC_MSGSEND = YES;
				GCC_C_LANGUAGE_STANDARD = gnu99;
				GCC_NO_COMMON_BLOCKS = YES;
				GCC_WARN_64_TO_32_BIT_CONVERSION = YES;
				GCC_WARN_ABOUT_RETURN_TYPE = YES_ERROR;
				GCC_WARN_UNDECLARED_SELECTOR = YES;
				GCC_WARN_UNINITIALIZED_AUTOS = YES_AGGRESSIVE;
				GCC_WARN_UNUSED_FUNCTION = YES;
				GCC_WARN_UNUSED_VARIABLE = YES;
				IPHONEOS_DEPLOYMENT_TARGET = 9.2;
				MTL_ENABLE_DEBUG_INFO = NO;
				SDKROOT = iphoneos;
				TARGETED_DEVICE_FAMILY = "1,2";
				VALIDATE_PRODUCT = YES;
			};
			name = Release;
		};
		B93E702D1C22426F00700E31 /* Debug */ = {
			isa = XCBuildConfiguration;
			buildSettings = {
				ASSETCATALOG_COMPILER_APPICON_NAME = AppIcon;
				INFOPLIST_FILE = PasteIt/Info.plist;
				LD_RUNPATH_SEARCH_PATHS = "$(inherited) @executable_path/Frameworks";
				PRODUCT_BUNDLE_IDENTIFIER = org.teamblueridge.PasteIt;
				PRODUCT_NAME = "$(TARGET_NAME)";
			};
			name = Debug;
		};
		B93E702E1C22426F00700E31 /* Release */ = {
			isa = XCBuildConfiguration;
			buildSettings = {
				ASSETCATALOG_COMPILER_APPICON_NAME = AppIcon;
				INFOPLIST_FILE = PasteIt/Info.plist;
				LD_RUNPATH_SEARCH_PATHS = "$(inherited) @executable_path/Frameworks";
				PRODUCT_BUNDLE_IDENTIFIER = org.teamblueridge.PasteIt;
				PRODUCT_NAME = "$(TARGET_NAME)";
			};
			name = Release;
		};
		B93E70301C22426F00700E31 /* Debug */ = {
			isa = XCBuildConfiguration;
			buildSettings = {
				BUNDLE_LOADER = "$(TEST_HOST)";
				INFOPLIST_FILE = PasteItTests/Info.plist;
				LD_RUNPATH_SEARCH_PATHS = "$(inherited) @executable_path/Frameworks @loader_path/Frameworks";
				PRODUCT_BUNDLE_IDENTIFIER = org.teamblueridge.PasteItTests;
				PRODUCT_NAME = "$(TARGET_NAME)";
				TEST_HOST = "$(BUILT_PRODUCTS_DIR)/PasteIt.app/PasteIt";
			};
			name = Debug;
		};
		B93E70311C22426F00700E31 /* Release */ = {
			isa = XCBuildConfiguration;
			buildSettings = {
				BUNDLE_LOADER = "$(TEST_HOST)";
				INFOPLIST_FILE = PasteItTests/Info.plist;
				LD_RUNPATH_SEARCH_PATHS = "$(inherited) @executable_path/Frameworks @loader_path/Frameworks";
				PRODUCT_BUNDLE_IDENTIFIER = org.teamblueridge.PasteItTests;
				PRODUCT_NAME = "$(TARGET_NAME)";
				TEST_HOST = "$(BUILT_PRODUCTS_DIR)/PasteIt.app/PasteIt";
			};
			name = Release;
		};
		B93E70331C22426F00700E31 /* Debug */ = {
			isa = XCBuildConfiguration;
			buildSettings = {
				INFOPLIST_FILE = PasteItUITests/Info.plist;
				LD_RUNPATH_SEARCH_PATHS = "$(inherited) @executable_path/Frameworks @loader_path/Frameworks";
				PRODUCT_BUNDLE_IDENTIFIER = org.teamblueridge.PasteItUITests;
				PRODUCT_NAME = "$(TARGET_NAME)";
				TEST_TARGET_NAME = PasteIt;
				USES_XCTRUNNER = YES;
			};
			name = Debug;
		};
		B93E70341C22426F00700E31 /* Release */ = {
			isa = XCBuildConfiguration;
			buildSettings = {
				INFOPLIST_FILE = PasteItUITests/Info.plist;
				LD_RUNPATH_SEARCH_PATHS = "$(inherited) @executable_path/Frameworks @loader_path/Frameworks";
				PRODUCT_BUNDLE_IDENTIFIER = org.teamblueridge.PasteItUITests;
				PRODUCT_NAME = "$(TARGET_NAME)";
				TEST_TARGET_NAME = PasteIt;
				USES_XCTRUNNER = YES;
			};
			name = Release;
		};
/* End XCBuildConfiguration section */

/* Begin XCConfigurationList section */
		B93E6FF71C22426F00700E31 /* Build configuration list for PBXProject "PasteIt" */ = {
			isa = XCConfigurationList;
			buildConfigurations = (
				B93E702A1C22426F00700E31 /* Debug */,
				B93E702B1C22426F00700E31 /* Release */,
			);
			defaultConfigurationIsVisible = 0;
			defaultConfigurationName = Release;
		};
		B93E702C1C22426F00700E31 /* Build configuration list for PBXNativeTarget "PasteIt" */ = {
			isa = XCConfigurationList;
			buildConfigurations = (
				B93E702D1C22426F00700E31 /* Debug */,
				B93E702E1C22426F00700E31 /* Release */,
			);
			defaultConfigurationIsVisible = 0;
		};
		B93E702F1C22426F00700E31 /* Build configuration list for PBXNativeTarget "PasteItTests" */ = {
			isa = XCConfigurationList;
			buildConfigurations = (
				B93E70301C22426F00700E31 /* Debug */,
				B93E70311C22426F00700E31 /* Release */,
			);
			defaultConfigurationIsVisible = 0;
		};
		B93E70321C22426F00700E31 /* Build configuration list for PBXNativeTarget "PasteItUITests" */ = {
			isa = XCConfigurationList;
			buildConfigurations = (
				B93E70331C22426F00700E31 /* Debug */,
				B93E70341C22426F00700E31 /* Release */,
			);
			defaultConfigurationIsVisible = 0;
		};
/* End XCConfigurationList section */
	};
	rootObject = B93E6FF41C22426F00700E31 /* Project object */;
}
